// !$*UTF8*$!
{
	archiveVersion = 1;
	classes = {
	};
	objectVersion = 55;
	objects = {

/* Begin PBXBuildFile section */
		3A2832222785A96D00AF7015 /* Settings.swift in Sources */ = {isa = PBXBuildFile; fileRef = 3A2832212785A96D00AF7015 /* Settings.swift */; };
		3A2832272785B60B00AF7015 /* QuestionSequenseStrategy.swift in Sources */ = {isa = PBXBuildFile; fileRef = 3A2832262785B60B00AF7015 /* QuestionSequenseStrategy.swift */; };
		3A2832292785EA0C00AF7015 /* SettingsViewController.swift in Sources */ = {isa = PBXBuildFile; fileRef = 3A2832282785EA0C00AF7015 /* SettingsViewController.swift */; };
		3A28322C278725D500AF7015 /* AddQuestionViewController.swift in Sources */ = {isa = PBXBuildFile; fileRef = 3A28322B278725D500AF7015 /* AddQuestionViewController.swift */; };
		3A28322E2787284400AF7015 /* QuestionCareTaker.swift in Sources */ = {isa = PBXBuildFile; fileRef = 3A28322D2787284400AF7015 /* QuestionCareTaker.swift */; };
		3A354CC9277B321A007C04AF /* GameOverViewController.swift in Sources */ = {isa = PBXBuildFile; fileRef = 3A354CC8277B321A007C04AF /* GameOverViewController.swift */; };
		3A354CCB277B3DAD007C04AF /* GameFinalViewController.swift in Sources */ = {isa = PBXBuildFile; fileRef = 3A354CCA277B3DAD007C04AF /* GameFinalViewController.swift */; };
		3A354CCD277B4948007C04AF /* GameResultsTableViewController.swift in Sources */ = {isa = PBXBuildFile; fileRef = 3A354CCC277B4948007C04AF /* GameResultsTableViewController.swift */; };
		3A354CCF277B52AB007C04AF /* Results.swift in Sources */ = {isa = PBXBuildFile; fileRef = 3A354CCE277B52AB007C04AF /* Results.swift */; };
		3A354CD1277B6240007C04AF /* Game.swift in Sources */ = {isa = PBXBuildFile; fileRef = 3A354CD0277B6240007C04AF /* Game.swift */; };
		3A6E42F6277C4336000CB5BE /* Header&Footer.swift in Sources */ = {isa = PBXBuildFile; fileRef = 3A6E42F5277C4336000CB5BE /* Header&Footer.swift */; };
		3AE66D162777458E00EB29B9 /* AppDelegate.swift in Sources */ = {isa = PBXBuildFile; fileRef = 3AE66D152777458E00EB29B9 /* AppDelegate.swift */; };
		3AE66D182777458E00EB29B9 /* SceneDelegate.swift in Sources */ = {isa = PBXBuildFile; fileRef = 3AE66D172777458E00EB29B9 /* SceneDelegate.swift */; };
		3AE66D1A2777458E00EB29B9 /* appUtility.swift in Sources */ = {isa = PBXBuildFile; fileRef = 3AE66D192777458E00EB29B9 /* appUtility.swift */; };
		3AE66D1D2777458E00EB29B9 /* Main.storyboard in Resources */ = {isa = PBXBuildFile; fileRef = 3AE66D1B2777458E00EB29B9 /* Main.storyboard */; };
		3AE66D1F2777458F00EB29B9 /* Assets.xcassets in Resources */ = {isa = PBXBuildFile; fileRef = 3AE66D1E2777458F00EB29B9 /* Assets.xcassets */; };
		3AE66D222777458F00EB29B9 /* LaunchScreen.storyboard in Resources */ = {isa = PBXBuildFile; fileRef = 3AE66D202777458F00EB29B9 /* LaunchScreen.storyboard */; };
		3AE66D2D2777458F00EB29B9 /* MillionareGameTests.swift in Sources */ = {isa = PBXBuildFile; fileRef = 3AE66D2C2777458F00EB29B9 /* MillionareGameTests.swift */; };
		3AE66D372777458F00EB29B9 /* MillionareGameUITests.swift in Sources */ = {isa = PBXBuildFile; fileRef = 3AE66D362777458F00EB29B9 /* MillionareGameUITests.swift */; };
		3AE66D392777458F00EB29B9 /* MillionareGameUITestsLaunchTests.swift in Sources */ = {isa = PBXBuildFile; fileRef = 3AE66D382777458F00EB29B9 /* MillionareGameUITestsLaunchTests.swift */; };
		3AE66D472777464100EB29B9 /* LaunchScreenViewController.swift in Sources */ = {isa = PBXBuildFile; fileRef = 3AE66D462777464100EB29B9 /* LaunchScreenViewController.swift */; };
		3AE66D4A2777572D00EB29B9 /* GameViewController.swift in Sources */ = {isa = PBXBuildFile; fileRef = 3AE66D492777572D00EB29B9 /* GameViewController.swift */; };
		3AE66D4D27776B2E00EB29B9 /* Question.swift in Sources */ = {isa = PBXBuildFile; fileRef = 3AE66D4C27776B2E00EB29B9 /* Question.swift */; };
		3AE66D4F277770B200EB29B9 /* Player.swift in Sources */ = {isa = PBXBuildFile; fileRef = 3AE66D4E277770B200EB29B9 /* Player.swift */; };
/* End PBXBuildFile section */

/* Begin PBXContainerItemProxy section */
		3AE66D292777458F00EB29B9 /* PBXContainerItemProxy */ = {
			isa = PBXContainerItemProxy;
			containerPortal = 3AE66D0A2777458E00EB29B9 /* Project object */;
			proxyType = 1;
			remoteGlobalIDString = 3AE66D112777458E00EB29B9;
			remoteInfo = MillionareGame;
		};
		3AE66D332777458F00EB29B9 /* PBXContainerItemProxy */ = {
			isa = PBXContainerItemProxy;
			containerPortal = 3AE66D0A2777458E00EB29B9 /* Project object */;
			proxyType = 1;
			remoteGlobalIDString = 3AE66D112777458E00EB29B9;
			remoteInfo = MillionareGame;
		};
/* End PBXContainerItemProxy section */

/* Begin PBXFileReference section */
		3A2832212785A96D00AF7015 /* Settings.swift */ = {isa = PBXFileReference; lastKnownFileType = sourcecode.swift; path = Settings.swift; sourceTree = "<group>"; };
		3A2832262785B60B00AF7015 /* QuestionSequenseStrategy.swift */ = {isa = PBXFileReference; lastKnownFileType = sourcecode.swift; path = QuestionSequenseStrategy.swift; sourceTree = "<group>"; };
		3A2832282785EA0C00AF7015 /* SettingsViewController.swift */ = {isa = PBXFileReference; lastKnownFileType = sourcecode.swift; path = SettingsViewController.swift; sourceTree = "<group>"; };
		3A28322B278725D500AF7015 /* AddQuestionViewController.swift */ = {isa = PBXFileReference; lastKnownFileType = sourcecode.swift; path = AddQuestionViewController.swift; sourceTree = "<group>"; };
		3A28322D2787284400AF7015 /* QuestionCareTaker.swift */ = {isa = PBXFileReference; lastKnownFileType = sourcecode.swift; path = QuestionCareTaker.swift; sourceTree = "<group>"; };
		3A354CC8277B321A007C04AF /* GameOverViewController.swift */ = {isa = PBXFileReference; lastKnownFileType = sourcecode.swift; path = GameOverViewController.swift; sourceTree = "<group>"; };
		3A354CCA277B3DAD007C04AF /* GameFinalViewController.swift */ = {isa = PBXFileReference; lastKnownFileType = sourcecode.swift; path = GameFinalViewController.swift; sourceTree = "<group>"; };
		3A354CCC277B4948007C04AF /* GameResultsTableViewController.swift */ = {isa = PBXFileReference; lastKnownFileType = sourcecode.swift; path = GameResultsTableViewController.swift; sourceTree = "<group>"; };
		3A354CCE277B52AB007C04AF /* Results.swift */ = {isa = PBXFileReference; lastKnownFileType = sourcecode.swift; path = Results.swift; sourceTree = "<group>"; };
		3A354CD0277B6240007C04AF /* Game.swift */ = {isa = PBXFileReference; lastKnownFileType = sourcecode.swift; path = Game.swift; sourceTree = "<group>"; };
		3A6E42F5277C4336000CB5BE /* Header&Footer.swift */ = {isa = PBXFileReference; lastKnownFileType = sourcecode.swift; path = "Header&Footer.swift"; sourceTree = "<group>"; };
		3AE66D122777458E00EB29B9 /* MillionareGame.app */ = {isa = PBXFileReference; explicitFileType = wrapper.application; includeInIndex = 0; path = MillionareGame.app; sourceTree = BUILT_PRODUCTS_DIR; };
		3AE66D152777458E00EB29B9 /* AppDelegate.swift */ = {isa = PBXFileReference; lastKnownFileType = sourcecode.swift; path = AppDelegate.swift; sourceTree = "<group>"; };
		3AE66D172777458E00EB29B9 /* SceneDelegate.swift */ = {isa = PBXFileReference; lastKnownFileType = sourcecode.swift; path = SceneDelegate.swift; sourceTree = "<group>"; };
		3AE66D192777458E00EB29B9 /* appUtility.swift */ = {isa = PBXFileReference; lastKnownFileType = sourcecode.swift; path = appUtility.swift; sourceTree = "<group>"; };
		3AE66D1C2777458E00EB29B9 /* Base */ = {isa = PBXFileReference; lastKnownFileType = file.storyboard; name = Base; path = Base.lproj/Main.storyboard; sourceTree = "<group>"; };
		3AE66D1E2777458F00EB29B9 /* Assets.xcassets */ = {isa = PBXFileReference; lastKnownFileType = folder.assetcatalog; path = Assets.xcassets; sourceTree = "<group>"; };
		3AE66D212777458F00EB29B9 /* Base */ = {isa = PBXFileReference; lastKnownFileType = file.storyboard; name = Base; path = Base.lproj/LaunchScreen.storyboard; sourceTree = "<group>"; };
		3AE66D232777458F00EB29B9 /* Info.plist */ = {isa = PBXFileReference; lastKnownFileType = text.plist.xml; path = Info.plist; sourceTree = "<group>"; };
		3AE66D282777458F00EB29B9 /* MillionareGameTests.xctest */ = {isa = PBXFileReference; explicitFileType = wrapper.cfbundle; includeInIndex = 0; path = MillionareGameTests.xctest; sourceTree = BUILT_PRODUCTS_DIR; };
		3AE66D2C2777458F00EB29B9 /* MillionareGameTests.swift */ = {isa = PBXFileReference; lastKnownFileType = sourcecode.swift; path = MillionareGameTests.swift; sourceTree = "<group>"; };
		3AE66D322777458F00EB29B9 /* MillionareGameUITests.xctest */ = {isa = PBXFileReference; explicitFileType = wrapper.cfbundle; includeInIndex = 0; path = MillionareGameUITests.xctest; sourceTree = BUILT_PRODUCTS_DIR; };
		3AE66D362777458F00EB29B9 /* MillionareGameUITests.swift */ = {isa = PBXFileReference; lastKnownFileType = sourcecode.swift; path = MillionareGameUITests.swift; sourceTree = "<group>"; };
		3AE66D382777458F00EB29B9 /* MillionareGameUITestsLaunchTests.swift */ = {isa = PBXFileReference; lastKnownFileType = sourcecode.swift; path = MillionareGameUITestsLaunchTests.swift; sourceTree = "<group>"; };
		3AE66D462777464100EB29B9 /* LaunchScreenViewController.swift */ = {isa = PBXFileReference; lastKnownFileType = sourcecode.swift; path = LaunchScreenViewController.swift; sourceTree = "<group>"; };
		3AE66D492777572D00EB29B9 /* GameViewController.swift */ = {isa = PBXFileReference; lastKnownFileType = sourcecode.swift; path = GameViewController.swift; sourceTree = "<group>"; };
		3AE66D4C27776B2E00EB29B9 /* Question.swift */ = {isa = PBXFileReference; lastKnownFileType = sourcecode.swift; path = Question.swift; sourceTree = "<group>"; };
		3AE66D4E277770B200EB29B9 /* Player.swift */ = {isa = PBXFileReference; lastKnownFileType = sourcecode.swift; path = Player.swift; sourceTree = "<group>"; };
/* End PBXFileReference section */

/* Begin PBXFrameworksBuildPhase section */
		3AE66D0F2777458E00EB29B9 /* Frameworks */ = {
			isa = PBXFrameworksBuildPhase;
			buildActionMask = 2147483647;
			files = (
			);
			runOnlyForDeploymentPostprocessing = 0;
		};
		3AE66D252777458F00EB29B9 /* Frameworks */ = {
			isa = PBXFrameworksBuildPhase;
			buildActionMask = 2147483647;
			files = (
			);
			runOnlyForDeploymentPostprocessing = 0;
		};
		3AE66D2F2777458F00EB29B9 /* Frameworks */ = {
			isa = PBXFrameworksBuildPhase;
			buildActionMask = 2147483647;
			files = (
			);
			runOnlyForDeploymentPostprocessing = 0;
		};
/* End PBXFrameworksBuildPhase section */

/* Begin PBXGroup section */
		3A2832232785AB6700AF7015 /* Settings */ = {
			isa = PBXGroup;
			children = (
				3A2832212785A96D00AF7015 /* Settings.swift */,
				3A2832262785B60B00AF7015 /* QuestionSequenseStrategy.swift */,
				3A2832282785EA0C00AF7015 /* SettingsViewController.swift */,
			);
			path = Settings;
			sourceTree = "<group>";
		};
		3A28322A2787259100AF7015 /* AddQuestion */ = {
			isa = PBXGroup;
			children = (
				3A28322B278725D500AF7015 /* AddQuestionViewController.swift */,
				3A28322D2787284400AF7015 /* QuestionCareTaker.swift */,
			);
			path = AddQuestion;
			sourceTree = "<group>";
		};
		3AE66D092777458E00EB29B9 = {
			isa = PBXGroup;
			children = (
				3A28322A2787259100AF7015 /* AddQuestion */,
				3A2832232785AB6700AF7015 /* Settings */,
				3AE66D4B27776B1200EB29B9 /* Resourses */,
				3AE66D482777571200EB29B9 /* GameScreen */,
				3AE66D452777460B00EB29B9 /* LaunchScreen */,
				3AE66D142777458E00EB29B9 /* MillionareGame */,
				3AE66D2B2777458F00EB29B9 /* MillionareGameTests */,
				3AE66D352777458F00EB29B9 /* MillionareGameUITests */,
				3AE66D132777458E00EB29B9 /* Products */,
			);
			sourceTree = "<group>";
		};
		3AE66D132777458E00EB29B9 /* Products */ = {
			isa = PBXGroup;
			children = (
				3AE66D122777458E00EB29B9 /* MillionareGame.app */,
				3AE66D282777458F00EB29B9 /* MillionareGameTests.xctest */,
				3AE66D322777458F00EB29B9 /* MillionareGameUITests.xctest */,
			);
			name = Products;
			sourceTree = "<group>";
		};
		3AE66D142777458E00EB29B9 /* MillionareGame */ = {
			isa = PBXGroup;
			children = (
				3AE66D152777458E00EB29B9 /* AppDelegate.swift */,
				3AE66D172777458E00EB29B9 /* SceneDelegate.swift */,
				3AE66D192777458E00EB29B9 /* appUtility.swift */,
				3AE66D1B2777458E00EB29B9 /* Main.storyboard */,
				3AE66D1E2777458F00EB29B9 /* Assets.xcassets */,
				3AE66D202777458F00EB29B9 /* LaunchScreen.storyboard */,
				3AE66D232777458F00EB29B9 /* Info.plist */,
				3A6E42F5277C4336000CB5BE /* Header&Footer.swift */,
			);
			path = MillionareGame;
			sourceTree = "<group>";
		};
		3AE66D2B2777458F00EB29B9 /* MillionareGameTests */ = {
			isa = PBXGroup;
			children = (
				3AE66D2C2777458F00EB29B9 /* MillionareGameTests.swift */,
			);
			path = MillionareGameTests;
			sourceTree = "<group>";
		};
		3AE66D352777458F00EB29B9 /* MillionareGameUITests */ = {
			isa = PBXGroup;
			children = (
				3AE66D362777458F00EB29B9 /* MillionareGameUITests.swift */,
				3AE66D382777458F00EB29B9 /* MillionareGameUITestsLaunchTests.swift */,
			);
			path = MillionareGameUITests;
			sourceTree = "<group>";
		};
		3AE66D452777460B00EB29B9 /* LaunchScreen */ = {
			isa = PBXGroup;
			children = (
				3AE66D462777464100EB29B9 /* LaunchScreenViewController.swift */,
			);
			path = LaunchScreen;
			sourceTree = "<group>";
		};
		3AE66D482777571200EB29B9 /* GameScreen */ = {
			isa = PBXGroup;
			children = (
				3AE66D492777572D00EB29B9 /* GameViewController.swift */,
				3A354CC8277B321A007C04AF /* GameOverViewController.swift */,
				3A354CCA277B3DAD007C04AF /* GameFinalViewController.swift */,
				3A354CCC277B4948007C04AF /* GameResultsTableViewController.swift */,
			);
			path = GameScreen;
			sourceTree = "<group>";
		};
		3AE66D4B27776B1200EB29B9 /* Resourses */ = {
			isa = PBXGroup;
			children = (
				3AE66D4C27776B2E00EB29B9 /* Question.swift */,
				3AE66D4E277770B200EB29B9 /* Player.swift */,
				3A354CCE277B52AB007C04AF /* Results.swift */,
				3A354CD0277B6240007C04AF /* Game.swift */,
			);
			path = Resourses;
			sourceTree = "<group>";
		};
/* End PBXGroup section */

/* Begin PBXNativeTarget section */
		3AE66D112777458E00EB29B9 /* MillionareGame */ = {
			isa = PBXNativeTarget;
			buildConfigurationList = 3AE66D3C2777458F00EB29B9 /* Build configuration list for PBXNativeTarget "MillionareGame" */;
			buildPhases = (
				3AE66D0E2777458E00EB29B9 /* Sources */,
				3AE66D0F2777458E00EB29B9 /* Frameworks */,
				3AE66D102777458E00EB29B9 /* Resources */,
			);
			buildRules = (
			);
			dependencies = (
			);
			name = MillionareGame;
			productName = MillionareGame;
			productReference = 3AE66D122777458E00EB29B9 /* MillionareGame.app */;
			productType = "com.apple.product-type.application";
		};
		3AE66D272777458F00EB29B9 /* MillionareGameTests */ = {
			isa = PBXNativeTarget;
			buildConfigurationList = 3AE66D3F2777458F00EB29B9 /* Build configuration list for PBXNativeTarget "MillionareGameTests" */;
			buildPhases = (
				3AE66D242777458F00EB29B9 /* Sources */,
				3AE66D252777458F00EB29B9 /* Frameworks */,
				3AE66D262777458F00EB29B9 /* Resources */,
			);
			buildRules = (
			);
			dependencies = (
				3AE66D2A2777458F00EB29B9 /* PBXTargetDependency */,
			);
			name = MillionareGameTests;
			productName = MillionareGameTests;
			productReference = 3AE66D282777458F00EB29B9 /* MillionareGameTests.xctest */;
			productType = "com.apple.product-type.bundle.unit-test";
		};
		3AE66D312777458F00EB29B9 /* MillionareGameUITests */ = {
			isa = PBXNativeTarget;
			buildConfigurationList = 3AE66D422777458F00EB29B9 /* Build configuration list for PBXNativeTarget "MillionareGameUITests" */;
			buildPhases = (
				3AE66D2E2777458F00EB29B9 /* Sources */,
				3AE66D2F2777458F00EB29B9 /* Frameworks */,
				3AE66D302777458F00EB29B9 /* Resources */,
			);
			buildRules = (
			);
			dependencies = (
				3AE66D342777458F00EB29B9 /* PBXTargetDependency */,
			);
			name = MillionareGameUITests;
			productName = MillionareGameUITests;
			productReference = 3AE66D322777458F00EB29B9 /* MillionareGameUITests.xctest */;
			productType = "com.apple.product-type.bundle.ui-testing";
		};
/* End PBXNativeTarget section */

/* Begin PBXProject section */
		3AE66D0A2777458E00EB29B9 /* Project object */ = {
			isa = PBXProject;
			attributes = {
				BuildIndependentTargetsInParallel = 1;
				LastSwiftUpdateCheck = 1320;
				LastUpgradeCheck = 1320;
				TargetAttributes = {
					3AE66D112777458E00EB29B9 = {
						CreatedOnToolsVersion = 13.2.1;
					};
					3AE66D272777458F00EB29B9 = {
						CreatedOnToolsVersion = 13.2.1;
						TestTargetID = 3AE66D112777458E00EB29B9;
					};
					3AE66D312777458F00EB29B9 = {
						CreatedOnToolsVersion = 13.2.1;
						TestTargetID = 3AE66D112777458E00EB29B9;
					};
				};
			};
			buildConfigurationList = 3AE66D0D2777458E00EB29B9 /* Build configuration list for PBXProject "MillionareGame" */;
			compatibilityVersion = "Xcode 13.0";
			developmentRegion = en;
			hasScannedForEncodings = 0;
			knownRegions = (
				en,
				Base,
			);
			mainGroup = 3AE66D092777458E00EB29B9;
			productRefGroup = 3AE66D132777458E00EB29B9 /* Products */;
			projectDirPath = "";
			projectRoot = "";
			targets = (
				3AE66D112777458E00EB29B9 /* MillionareGame */,
				3AE66D272777458F00EB29B9 /* MillionareGameTests */,
				3AE66D312777458F00EB29B9 /* MillionareGameUITests */,
			);
		};
/* End PBXProject section */

/* Begin PBXResourcesBuildPhase section */
		3AE66D102777458E00EB29B9 /* Resources */ = {
			isa = PBXResourcesBuildPhase;
			buildActionMask = 2147483647;
			files = (
				3AE66D222777458F00EB29B9 /* LaunchScreen.storyboard in Resources */,
				3AE66D1F2777458F00EB29B9 /* Assets.xcassets in Resources */,
				3AE66D1D2777458E00EB29B9 /* Main.storyboard in Resources */,
			);
			runOnlyForDeploymentPostprocessing = 0;
		};
		3AE66D262777458F00EB29B9 /* Resources */ = {
			isa = PBXResourcesBuildPhase;
			buildActionMask = 2147483647;
			files = (
			);
			runOnlyForDeploymentPostprocessing = 0;
		};
		3AE66D302777458F00EB29B9 /* Resources */ = {
			isa = PBXResourcesBuildPhase;
			buildActionMask = 2147483647;
			files = (
			);
			runOnlyForDeploymentPostprocessing = 0;
		};
/* End PBXResourcesBuildPhase section */

/* Begin PBXSourcesBuildPhase section */
		3AE66D0E2777458E00EB29B9 /* Sources */ = {
			isa = PBXSourcesBuildPhase;
			buildActionMask = 2147483647;
			files = (
				3AE66D4A2777572D00EB29B9 /* GameViewController.swift in Sources */,
				3A6E42F6277C4336000CB5BE /* Header&Footer.swift in Sources */,
				3AE66D1A2777458E00EB29B9 /* appUtility.swift in Sources */,
				3A354CCB277B3DAD007C04AF /* GameFinalViewController.swift in Sources */,
				3A2832222785A96D00AF7015 /* Settings.swift in Sources */,
				3AE66D162777458E00EB29B9 /* AppDelegate.swift in Sources */,
				3AE66D4D27776B2E00EB29B9 /* Question.swift in Sources */,
				3A2832292785EA0C00AF7015 /* SettingsViewController.swift in Sources */,
				3A28322E2787284400AF7015 /* QuestionCareTaker.swift in Sources */,
				3A354CC9277B321A007C04AF /* GameOverViewController.swift in Sources */,
				3A2832272785B60B00AF7015 /* QuestionSequenseStrategy.swift in Sources */,
				3AE66D4F277770B200EB29B9 /* Player.swift in Sources */,
				3A354CD1277B6240007C04AF /* Game.swift in Sources */,
				3A354CCF277B52AB007C04AF /* Results.swift in Sources */,
				3AE66D472777464100EB29B9 /* LaunchScreenViewController.swift in Sources */,
				3A354CCD277B4948007C04AF /* GameResultsTableViewController.swift in Sources */,
				3AE66D182777458E00EB29B9 /* SceneDelegate.swift in Sources */,
				3A28322C278725D500AF7015 /* AddQuestionViewController.swift in Sources */,
			);
			runOnlyForDeploymentPostprocessing = 0;
		};
		3AE66D242777458F00EB29B9 /* Sources */ = {
			isa = PBXSourcesBuildPhase;
			buildActionMask = 2147483647;
			files = (
				3AE66D2D2777458F00EB29B9 /* MillionareGameTests.swift in Sources */,
			);
			runOnlyForDeploymentPostprocessing = 0;
		};
		3AE66D2E2777458F00EB29B9 /* Sources */ = {
			isa = PBXSourcesBuildPhase;
			buildActionMask = 2147483647;
			files = (
				3AE66D392777458F00EB29B9 /* MillionareGameUITestsLaunchTests.swift in Sources */,
				3AE66D372777458F00EB29B9 /* MillionareGameUITests.swift in Sources */,
			);
			runOnlyForDeploymentPostprocessing = 0;
		};
/* End PBXSourcesBuildPhase section */

/* Begin PBXTargetDependency section */
		3AE66D2A2777458F00EB29B9 /* PBXTargetDependency */ = {
			isa = PBXTargetDependency;
			target = 3AE66D112777458E00EB29B9 /* MillionareGame */;
			targetProxy = 3AE66D292777458F00EB29B9 /* PBXContainerItemProxy */;
		};
		3AE66D342777458F00EB29B9 /* PBXTargetDependency */ = {
			isa = PBXTargetDependency;
			target = 3AE66D112777458E00EB29B9 /* MillionareGame */;
			targetProxy = 3AE66D332777458F00EB29B9 /* PBXContainerItemProxy */;
		};
/* End PBXTargetDependency section */

/* Begin PBXVariantGroup section */
		3AE66D1B2777458E00EB29B9 /* Main.storyboard */ = {
			isa = PBXVariantGroup;
			children = (
				3AE66D1C2777458E00EB29B9 /* Base */,
			);
			name = Main.storyboard;
			sourceTree = "<group>";
		};
		3AE66D202777458F00EB29B9 /* LaunchScreen.storyboard */ = {
			isa = PBXVariantGroup;
			children = (
				3AE66D212777458F00EB29B9 /* Base */,
			);
			name = LaunchScreen.storyboard;
			sourceTree = "<group>";
		};
/* End PBXVariantGroup section */

/* Begin XCBuildConfiguration section */
		3AE66D3A2777458F00EB29B9 /* Debug */ = {
			isa = XCBuildConfiguration;
			buildSettings = {
				ALWAYS_SEARCH_USER_PATHS = NO;
				CLANG_ANALYZER_NONNULL = YES;
				CLANG_ANALYZER_NUMBER_OBJECT_CONVERSION = YES_AGGRESSIVE;
				CLANG_CXX_LANGUAGE_STANDARD = "gnu++17";
				CLANG_CXX_LIBRARY = "libc++";
				CLANG_ENABLE_MODULES = YES;
				CLANG_ENABLE_OBJC_ARC = YES;
				CLANG_ENABLE_OBJC_WEAK = YES;
				CLANG_WARN_BLOCK_CAPTURE_AUTORELEASING = YES;
				CLANG_WARN_BOOL_CONVERSION = YES;
				CLANG_WARN_COMMA = YES;
				CLANG_WARN_CONSTANT_CONVERSION = YES;
				CLANG_WARN_DEPRECATED_OBJC_IMPLEMENTATIONS = YES;
				CLANG_WARN_DIRECT_OBJC_ISA_USAGE = YES_ERROR;
				CLANG_WARN_DOCUMENTATION_COMMENTS = YES;
				CLANG_WARN_EMPTY_BODY = YES;
				CLANG_WARN_ENUM_CONVERSION = YES;
				CLANG_WARN_INFINITE_RECURSION = YES;
				CLANG_WARN_INT_CONVERSION = YES;
				CLANG_WARN_NON_LITERAL_NULL_CONVERSION = YES;
				CLANG_WARN_OBJC_IMPLICIT_RETAIN_SELF = YES;
				CLANG_WARN_OBJC_LITERAL_CONVERSION = YES;
				CLANG_WARN_OBJC_ROOT_CLASS = YES_ERROR;
				CLANG_WARN_QUOTED_INCLUDE_IN_FRAMEWORK_HEADER = YES;
				CLANG_WARN_RANGE_LOOP_ANALYSIS = YES;
				CLANG_WARN_STRICT_PROTOTYPES = YES;
				CLANG_WARN_SUSPICIOUS_MOVE = YES;
				CLANG_WARN_UNGUARDED_AVAILABILITY = YES_AGGRESSIVE;
				CLANG_WARN_UNREACHABLE_CODE = YES;
				CLANG_WARN__DUPLICATE_METHOD_MATCH = YES;
				COPY_PHASE_STRIP = NO;
				DEBUG_INFORMATION_FORMAT = dwarf;
				ENABLE_STRICT_OBJC_MSGSEND = YES;
				ENABLE_TESTABILITY = YES;
				GCC_C_LANGUAGE_STANDARD = gnu11;
				GCC_DYNAMIC_NO_PIC = NO;
				GCC_NO_COMMON_BLOCKS = YES;
				GCC_OPTIMIZATION_LEVEL = 0;
				GCC_PREPROCESSOR_DEFINITIONS = (
					"DEBUG=1",
					"$(inherited)",
				);
				GCC_WARN_64_TO_32_BIT_CONVERSION = YES;
				GCC_WARN_ABOUT_RETURN_TYPE = YES_ERROR;
				GCC_WARN_UNDECLARED_SELECTOR = YES;
				GCC_WARN_UNINITIALIZED_AUTOS = YES_AGGRESSIVE;
				GCC_WARN_UNUSED_FUNCTION = YES;
				GCC_WARN_UNUSED_VARIABLE = YES;
				IPHONEOS_DEPLOYMENT_TARGET = 15.2;
				MTL_ENABLE_DEBUG_INFO = INCLUDE_SOURCE;
				MTL_FAST_MATH = YES;
				ONLY_ACTIVE_ARCH = YES;
				SDKROOT = iphoneos;
				SWIFT_ACTIVE_COMPILATION_CONDITIONS = DEBUG;
				SWIFT_OPTIMIZATION_LEVEL = "-Onone";
			};
			name = Debug;
		};
		3AE66D3B2777458F00EB29B9 /* Release */ = {
			isa = XCBuildConfiguration;
			buildSettings = {
				ALWAYS_SEARCH_USER_PATHS = NO;
				CLANG_ANALYZER_NONNULL = YES;
				CLANG_ANALYZER_NUMBER_OBJECT_CONVERSION = YES_AGGRESSIVE;
				CLANG_CXX_LANGUAGE_STANDARD = "gnu++17";
				CLANG_CXX_LIBRARY = "libc++";
				CLANG_ENABLE_MODULES = YES;
				CLANG_ENABLE_OBJC_ARC = YES;
				CLANG_ENABLE_OBJC_WEAK = YES;
				CLANG_WARN_BLOCK_CAPTURE_AUTORELEASING = YES;
				CLANG_WARN_BOOL_CONVERSION = YES;
				CLANG_WARN_COMMA = YES;
				CLANG_WARN_CONSTANT_CONVERSION = YES;
				CLANG_WARN_DEPRECATED_OBJC_IMPLEMENTATIONS = YES;
				CLANG_WARN_DIRECT_OBJC_ISA_USAGE = YES_ERROR;
				CLANG_WARN_DOCUMENTATION_COMMENTS = YES;
				CLANG_WARN_EMPTY_BODY = YES;
				CLANG_WARN_ENUM_CONVERSION = YES;
				CLANG_WARN_INFINITE_RECURSION = YES;
				CLANG_WARN_INT_CONVERSION = YES;
				CLANG_WARN_NON_LITERAL_NULL_CONVERSION = YES;
				CLANG_WARN_OBJC_IMPLICIT_RETAIN_SELF = YES;
				CLANG_WARN_OBJC_LITERAL_CONVERSION = YES;
				CLANG_WARN_OBJC_ROOT_CLASS = YES_ERROR;
				CLANG_WARN_QUOTED_INCLUDE_IN_FRAMEWORK_HEADER = YES;
				CLANG_WARN_RANGE_LOOP_ANALYSIS = YES;
				CLANG_WARN_STRICT_PROTOTYPES = YES;
				CLANG_WARN_SUSPICIOUS_MOVE = YES;
				CLANG_WARN_UNGUARDED_AVAILABILITY = YES_AGGRESSIVE;
				CLANG_WARN_UNREACHABLE_CODE = YES;
				CLANG_WARN__DUPLICATE_METHOD_MATCH = YES;
				COPY_PHASE_STRIP = NO;
				DEBUG_INFORMATION_FORMAT = "dwarf-with-dsym";
				ENABLE_NS_ASSERTIONS = NO;
				ENABLE_STRICT_OBJC_MSGSEND = YES;
				GCC_C_LANGUAGE_STANDARD = gnu11;
				GCC_NO_COMMON_BLOCKS = YES;
				GCC_WARN_64_TO_32_BIT_CONVERSION = YES;
				GCC_WARN_ABOUT_RETURN_TYPE = YES_ERROR;
				GCC_WARN_UNDECLARED_SELECTOR = YES;
				GCC_WARN_UNINITIALIZED_AUTOS = YES_AGGRESSIVE;
				GCC_WARN_UNUSED_FUNCTION = YES;
				GCC_WARN_UNUSED_VARIABLE = YES;
				IPHONEOS_DEPLOYMENT_TARGET = 15.2;
				MTL_ENABLE_DEBUG_INFO = NO;
				MTL_FAST_MATH = YES;
				SDKROOT = iphoneos;
				SWIFT_COMPILATION_MODE = wholemodule;
				SWIFT_OPTIMIZATION_LEVEL = "-O";
				VALIDATE_PRODUCT = YES;
			};
			name = Release;
		};
		3AE66D3D2777458F00EB29B9 /* Debug */ = {
			isa = XCBuildConfiguration;
			buildSettings = {
				ASSETCATALOG_COMPILER_APPICON_NAME = AppIcon;
				ASSETCATALOG_COMPILER_GLOBAL_ACCENT_COLOR_NAME = AccentColor;
				CODE_SIGN_STYLE = Automatic;
				CURRENT_PROJECT_VERSION = 1;
				DEVELOPMENT_TEAM = K945D33793;
				GENERATE_INFOPLIST_FILE = YES;
				INFOPLIST_FILE = MillionareGame/Info.plist;
				INFOPLIST_KEY_UIApplicationSupportsIndirectInputEvents = YES;
				INFOPLIST_KEY_UILaunchStoryboardName = LaunchScreen;
				INFOPLIST_KEY_UIMainStoryboardFile = Main;
				INFOPLIST_KEY_UISupportedInterfaceOrientations_iPad = "UIInterfaceOrientationPortrait UIInterfaceOrientationPortraitUpsideDown UIInterfaceOrientationLandscapeLeft UIInterfaceOrientationLandscapeRight";
				INFOPLIST_KEY_UISupportedInterfaceOrientations_iPhone = "UIInterfaceOrientationPortrait UIInterfaceOrientationLandscapeLeft UIInterfaceOrientationLandscapeRight";
				LD_RUNPATH_SEARCH_PATHS = (
					"$(inherited)",
					"@executable_path/Frameworks",
				);
				MARKETING_VERSION = 1.0;
				PRODUCT_BUNDLE_IDENTIFIER = evstarshov.MillionareGame;
				PRODUCT_NAME = "$(TARGET_NAME)";
				SWIFT_EMIT_LOC_STRINGS = YES;
				SWIFT_VERSION = 5.0;
				TARGETED_DEVICE_FAMILY = "1,2";
			};
			name = Debug;
		};
		3AE66D3E2777458F00EB29B9 /* Release */ = {
			isa = XCBuildConfiguration;
			buildSettings = {
				ASSETCATALOG_COMPILER_APPICON_NAME = AppIcon;
				ASSETCATALOG_COMPILER_GLOBAL_ACCENT_COLOR_NAME = AccentColor;
				CODE_SIGN_STYLE = Automatic;
				CURRENT_PROJECT_VERSION = 1;
				DEVELOPMENT_TEAM = K945D33793;
				GENERATE_INFOPLIST_FILE = YES;
				INFOPLIST_FILE = MillionareGame/Info.plist;
				INFOPLIST_KEY_UIApplicationSupportsIndirectInputEvents = YES;
				INFOPLIST_KEY_UILaunchStoryboardName = LaunchScreen;
				INFOPLIST_KEY_UIMainStoryboardFile = Main;
				INFOPLIST_KEY_UISupportedInterfaceOrientations_iPad = "UIInterfaceOrientationPortrait UIInterfaceOrientationPortraitUpsideDown UIInterfaceOrientationLandscapeLeft UIInterfaceOrientationLandscapeRight";
				INFOPLIST_KEY_UISupportedInterfaceOrientations_iPhone = "UIInterfaceOrientationPortrait UIInterfaceOrientationLandscapeLeft UIInterfaceOrientationLandscapeRight";
				LD_RUNPATH_SEARCH_PATHS = (
					"$(inherited)",
					"@executable_path/Frameworks",
				);
				MARKETING_VERSION = 1.0;
				PRODUCT_BUNDLE_IDENTIFIER = evstarshov.MillionareGame;
				PRODUCT_NAME = "$(TARGET_NAME)";
				SWIFT_EMIT_LOC_STRINGS = YES;
				SWIFT_VERSION = 5.0;
				TARGETED_DEVICE_FAMILY = "1,2";
			};
			name = Release;
		};
		3AE66D402777458F00EB29B9 /* Debug */ = {
			isa = XCBuildConfiguration;
			buildSettings = {
				ALWAYS_EMBED_SWIFT_STANDARD_LIBRARIES = YES;
				BUNDLE_LOADER = "$(TEST_HOST)";
				CODE_SIGN_STYLE = Automatic;
				CURRENT_PROJECT_VERSION = 1;
				DEVELOPMENT_TEAM = K945D33793;
				GENERATE_INFOPLIST_FILE = YES;
				IPHONEOS_DEPLOYMENT_TARGET = 15.2;
				MARKETING_VERSION = 1.0;
				PRODUCT_BUNDLE_IDENTIFIER = evstarshov.MillionareGameTests;
				PRODUCT_NAME = "$(TARGET_NAME)";
				SWIFT_EMIT_LOC_STRINGS = NO;
				SWIFT_VERSION = 5.0;
				TARGETED_DEVICE_FAMILY = "1,2";
				TEST_HOST = "$(BUILT_PRODUCTS_DIR)/MillionareGame.app/MillionareGame";
			};
			name = Debug;
		};
		3AE66D412777458F00EB29B9 /* Release */ = {
			isa = XCBuildConfiguration;
			buildSettings = {
				ALWAYS_EMBED_SWIFT_STANDARD_LIBRARIES = YES;
				BUNDLE_LOADER = "$(TEST_HOST)";
				CODE_SIGN_STYLE = Automatic;
				CURRENT_PROJECT_VERSION = 1;
				DEVELOPMENT_TEAM = K945D33793;
				GENERATE_INFOPLIST_FILE = YES;
				IPHONEOS_DEPLOYMENT_TARGET = 15.2;
				MARKETING_VERSION = 1.0;
				PRODUCT_BUNDLE_IDENTIFIER = evstarshov.MillionareGameTests;
				PRODUCT_NAME = "$(TARGET_NAME)";
				SWIFT_EMIT_LOC_STRINGS = NO;
				SWIFT_VERSION = 5.0;
				TARGETED_DEVICE_FAMILY = "1,2";
				TEST_HOST = "$(BUILT_PRODUCTS_DIR)/MillionareGame.app/MillionareGame";
			};
			name = Release;
		};
		3AE66D432777458F00EB29B9 /* Debug */ = {
			isa = XCBuildConfiguration;
			buildSettings = {
				ALWAYS_EMBED_SWIFT_STANDARD_LIBRARIES = YES;
				CODE_SIGN_STYLE = Automatic;
				CURRENT_PROJECT_VERSION = 1;
				DEVELOPMENT_TEAM = K945D33793;
				GENERATE_INFOPLIST_FILE = YES;
				MARKETING_VERSION = 1.0;
				PRODUCT_BUNDLE_IDENTIFIER = evstarshov.MillionareGameUITests;
				PRODUCT_NAME = "$(TARGET_NAME)";
				SWIFT_EMIT_LOC_STRINGS = NO;
				SWIFT_VERSION = 5.0;
				TARGETED_DEVICE_FAMILY = "1,2";
				TEST_TARGET_NAME = MillionareGame;
			};
			name = Debug;
		};
		3AE66D442777458F00EB29B9 /* Release */ = {
			isa = XCBuildConfiguration;
			buildSettings = {
				ALWAYS_EMBED_SWIFT_STANDARD_LIBRARIES = YES;
				CODE_SIGN_STYLE = Automatic;
				CURRENT_PROJECT_VERSION = 1;
				DEVELOPMENT_TEAM = K945D33793;
				GENERATE_INFOPLIST_FILE = YES;
				MARKETING_VERSION = 1.0;
				PRODUCT_BUNDLE_IDENTIFIER = evstarshov.MillionareGameUITests;
				PRODUCT_NAME = "$(TARGET_NAME)";
				SWIFT_EMIT_LOC_STRINGS = NO;
				SWIFT_VERSION = 5.0;
				TARGETED_DEVICE_FAMILY = "1,2";
				TEST_TARGET_NAME = MillionareGame;
			};
			name = Release;
		};
/* End XCBuildConfiguration section */

/* Begin XCConfigurationList section */
		3AE66D0D2777458E00EB29B9 /* Build configuration list for PBXProject "MillionareGame" */ = {
			isa = XCConfigurationList;
			buildConfigurations = (
				3AE66D3A2777458F00EB29B9 /* Debug */,
				3AE66D3B2777458F00EB29B9 /* Release */,
			);
			defaultConfigurationIsVisible = 0;
			defaultConfigurationName = Release;
		};
		3AE66D3C2777458F00EB29B9 /* Build configuration list for PBXNativeTarget "MillionareGame" */ = {
			isa = XCConfigurationList;
			buildConfigurations = (
				3AE66D3D2777458F00EB29B9 /* Debug */,
				3AE66D3E2777458F00EB29B9 /* Release */,
			);
			defaultConfigurationIsVisible = 0;
			defaultConfigurationName = Release;
		};
		3AE66D3F2777458F00EB29B9 /* Build configuration list for PBXNativeTarget "MillionareGameTests" */ = {
			isa = XCConfigurationList;
			buildConfigurations = (
				3AE66D402777458F00EB29B9 /* Debug */,
				3AE66D412777458F00EB29B9 /* Release */,
			);
			defaultConfigurationIsVisible = 0;
			defaultConfigurationName = Release;
		};
		3AE66D422777458F00EB29B9 /* Build configuration list for PBXNativeTarget "MillionareGameUITests" */ = {
			isa = XCConfigurationList;
			buildConfigurations = (
				3AE66D432777458F00EB29B9 /* Debug */,
				3AE66D442777458F00EB29B9 /* Release */,
			);
			defaultConfigurationIsVisible = 0;
			defaultConfigurationName = Release;
		};
/* End XCConfigurationList section */
	};
	rootObject = 3AE66D0A2777458E00EB29B9 /* Project object */;
}
